{
  "version": 4,
  "terraform_version": "1.1.7",
  "serial": 758,
  "lineage": "09dfe0d0-d675-d01e-7b87-c13d441f18b3",
  "outputs": {
    "kinesis_stream_name": {
      "value": "terraform-kinesis-test",
      "type": "string"
    },
    "state_machine_arn": {
      "value": "arn:aws:states:us-east-1:000000000000:stateMachine:stateMachine",
      "type": "string"
    },
    "state_machine_id": {
      "value": "arn:aws:states:us-east-1:000000000000:stateMachine:stateMachine",
      "type": "string"
    },
    "state_machine_status": {
      "value": "ACTIVE",
      "type": "string"
    }
  },
  "resources": [
    {
      "mode": "data",
      "type": "archive_file",
      "name": "zip_flatten",
      "provider": "provider[\"registry.terraform.io/hashicorp/archive\"]",
      "instances": [
        {
          "schema_version": 0,
          "attributes": {
            "excludes": null,
            "id": "f96b8bc3a6df8e0ba62840fb17453f6980e4e793",
            "output_base64sha256": "2aQBBDyO4IKKgU34g62rkSgTc4dOWUdwtHf/ZEZvCYw=",
            "output_file_mode": null,
            "output_md5": "33da65526d45b1c4a1e8098f90e8f5a3",
            "output_path": "./../src/flatten_data.zip",
            "output_sha": "f96b8bc3a6df8e0ba62840fb17453f6980e4e793",
            "output_size": 1093,
            "source": [],
            "source_content": null,
            "source_content_filename": null,
            "source_dir": null,
            "source_file": "./../src/flatten_data.py",
            "type": "zip"
          },
          "sensitive_attributes": []
        }
      ]
    },
    {
      "mode": "data",
      "type": "archive_file",
      "name": "zip_put_data",
      "provider": "provider[\"registry.terraform.io/hashicorp/archive\"]",
      "instances": [
        {
          "schema_version": 0,
          "attributes": {
            "excludes": null,
            "id": "e99f337437e38f7977c96c46f616333840eb6542",
            "output_base64sha256": "YrGTdQzzsqEtojvoJhDfVtu3TaNDxUrHeFZ0Fy3P9M0=",
            "output_file_mode": null,
            "output_md5": "0835d86c87210dfb500b844b75852346",
            "output_path": "./../src/put_data_aws.zip",
            "output_sha": "e99f337437e38f7977c96c46f616333840eb6542",
            "output_size": 808,
            "source": [],
            "source_content": null,
            "source_content_filename": null,
            "source_dir": null,
            "source_file": "./../src/put_data_aws.py",
            "type": "zip"
          },
          "sensitive_attributes": []
        }
      ]
    },
    {
      "mode": "data",
      "type": "archive_file",
      "name": "zip_put_record",
      "provider": "provider[\"registry.terraform.io/hashicorp/archive\"]",
      "instances": [
        {
          "schema_version": 0,
          "attributes": {
            "excludes": null,
            "id": "c6b1dd6954e4d6e96b9f12436de5604579d54f50",
            "output_base64sha256": "LXdeiA4xfTiHjSnXkLHm9LqwsX48zjkNRtYW6QbHHOA=",
            "output_file_mode": null,
            "output_md5": "c796c43d120b52972f177454fa0e28a0",
            "output_path": "./../src/put_record.zip",
            "output_sha": "c6b1dd6954e4d6e96b9f12436de5604579d54f50",
            "output_size": 925,
            "source": [],
            "source_content": null,
            "source_content_filename": null,
            "source_dir": null,
            "source_file": "./../src/put_record.py",
            "type": "zip"
          },
          "sensitive_attributes": []
        }
      ]
    },
    {
      "mode": "managed",
      "type": "aws_cloudwatch_event_rule",
      "name": "lambda_schedule",
      "provider": "provider[\"registry.terraform.io/hashicorp/aws\"]",
      "instances": [
        {
          "schema_version": 0,
          "attributes": {
            "arn": "arn:aws:events:us-east-1:000000000000:rule/lambda_schedule",
            "description": "Schedule to trigger put_kinesis function.",
            "event_bus_name": "default",
            "event_pattern": null,
            "id": "lambda_schedule",
            "is_enabled": true,
            "name": "lambda_schedule",
            "name_prefix": "",
            "role_arn": "",
            "schedule_expression": "rate(1 minutes)",
            "tags": null,
            "tags_all": {}
          },
          "sensitive_attributes": [],
          "private": "bnVsbA=="
        }
      ]
    },
    {
      "mode": "managed",
      "type": "aws_cloudwatch_event_target",
      "name": "lambda_event_target",
      "provider": "provider[\"registry.terraform.io/hashicorp/aws\"]",
      "instances": [
        {
          "schema_version": 1,
          "attributes": {
            "arn": "arn:aws:lambda:us-east-1:000000000000:function:put_record",
            "batch_target": [],
            "dead_letter_config": [],
            "ecs_target": [],
            "event_bus_name": "default",
            "http_target": [],
            "id": "lambda_schedule-InvokeLambda",
            "input": "",
            "input_path": "",
            "input_transformer": [],
            "kinesis_target": [],
            "redshift_target": [],
            "retry_policy": [],
            "role_arn": "",
            "rule": "lambda_schedule",
            "run_command_targets": [],
            "sqs_target": [],
            "target_id": "InvokeLambda"
          },
          "sensitive_attributes": [],
          "private": "eyJzY2hlbWFfdmVyc2lvbiI6IjEifQ==",
          "dependencies": [
            "aws_cloudwatch_event_rule.lambda_schedule",
            "aws_iam_role.kinesis_producer_role",
            "aws_lambda_function.push_data"
          ]
        }
      ]
    },
    {
      "mode": "managed",
      "type": "aws_iam_policy",
      "name": "S3_trigger_lambda_policy",
      "provider": "provider[\"registry.terraform.io/hashicorp/aws\"]",
      "instances": [
        {
          "schema_version": 0,
          "attributes": {
            "arn": "arn:aws:iam::000000000000:policy/S3_trigger_lambda_policy",
            "description": "IAM policy for S3 trigger lambda put data to free tie",
            "id": "arn:aws:iam::000000000000:policy/S3_trigger_lambda_policy",
            "name": "S3_trigger_lambda_policy",
            "name_prefix": null,
            "path": "/",
            "policy": "{\"Statement\":[{\"Action\":\"lambda:InvokeFunction\",\"Effect\":\"Allow\",\"Resource\":\"arn:aws:lambda:us-east-1:000000000000:function:put_data_aws\",\"Sid\":\"lambda-allow-s3-my-function\"}],\"Version\":\"2012-10-17\"}",
            "policy_id": "ABM3RMNBNZXIMGJO7SULO",
            "tags": null,
            "tags_all": {}
          },
          "sensitive_attributes": [],
          "private": "bnVsbA==",
          "dependencies": [
            "aws_iam_role.lambda_putdata_aws_role",
            "aws_lambda_function.put_data_aws"
          ]
        }
      ]
    },
    {
      "mode": "managed",
      "type": "aws_iam_policy",
      "name": "firehose_flattendata_policy",
      "provider": "provider[\"registry.terraform.io/hashicorp/aws\"]",
      "instances": [
        {
          "schema_version": 0,
          "attributes": {
            "arn": "arn:aws:iam::000000000000:policy/firehose_flattendata_policy",
            "description": "IAM policy for put data to aws free tie",
            "id": "arn:aws:iam::000000000000:policy/firehose_flattendata_policy",
            "name": "firehose_flattendata_policy",
            "name_prefix": null,
            "path": "/",
            "policy": "{\"Statement\":[{\"Action\":[\"s3:GetObject\",\"s3:PutObject\",\"s3:ListBucket\"],\"Effect\":\"Allow\",\"Resource\":[\"arn:aws:s3:::bucketS3/kinesis-bucket\"],\"Sid\":\"\"}],\"Version\":\"2012-10-17\"}",
            "policy_id": "AMLYYVMHYTLB3R54L2E92",
            "tags": null,
            "tags_all": {}
          },
          "sensitive_attributes": [],
          "private": "bnVsbA=="
        }
      ]
    },
    {
      "mode": "managed",
      "type": "aws_iam_policy",
      "name": "lambda_kinesis_firehose_policy",
      "provider": "provider[\"registry.terraform.io/hashicorp/aws\"]",
      "instances": [
        {
          "schema_version": 0,
          "attributes": {
            "arn": "arn:aws:iam::000000000000:policy/lambda_kinesis_firehose_policy",
            "description": "IAM policy for tranform data in kinesis firehose",
            "id": "arn:aws:iam::000000000000:policy/lambda_kinesis_firehose_policy",
            "name": "lambda_kinesis_firehose_policy",
            "name_prefix": null,
            "path": "/",
            "policy": "{\"Statement\":[{\"Action\":[\"kinesis:DescribeStream\",\"kinesis:GetRecords\",\"kinesis:GetShardIterator\",\"kinesis:DescribeStreamSummary\",\"kinesis:ListStreams\"],\"Effect\":\"Allow\",\"Resource\":\"arn:aws:kinesis:::test_stream/terraform-kinesis-test\",\"Sid\":\"\"},{\"Action\":[\"firehose:DeleteDeliveryStream\",\"firehose:PutRecord\",\"firehose:PutRecordBatch\",\"firehose:UpdateDestination\"],\"Effect\":\"Allow\",\"Resource\":[\"arn:aws:firehose:::S3_stream/test_stream\"],\"Sid\":\"\"}],\"Version\":\"2012-10-17\"}",
            "policy_id": "ANMQ3MSZQVKNIUOUT8JDN",
            "tags": null,
            "tags_all": {}
          },
          "sensitive_attributes": [],
          "private": "bnVsbA=="
        }
      ]
    },
    {
      "mode": "managed",
      "type": "aws_iam_policy",
      "name": "lambda_kinesis_stream",
      "provider": "provider[\"registry.terraform.io/hashicorp/aws\"]",
      "instances": [
        {
          "schema_version": 0,
          "attributes": {
            "arn": "arn:aws:iam::000000000000:policy/lambda_kinesis_stream",
            "description": "Lamda to put data into kinesis",
            "id": "arn:aws:iam::000000000000:policy/lambda_kinesis_stream",
            "name": "lambda_kinesis_stream",
            "name_prefix": null,
            "path": "/",
            "policy": "{\"Statement\":[{\"Action\":[\"kinesis:DescribeStream\",\"kinesis:PutRecord\",\"kinesis:PutRecords\",\"kinesis:ListShards\",\"kinesis:DescribeStreamSummary\"],\"Effect\":\"Allow\",\"Resource\":[\"arn:aws:kinesis:::test_stream/terraform-kinesis-test\"],\"Sid\":\"\"},{\"Action\":[\"cloudwatch:GetMetricData\"],\"Effect\":\"Allow\",\"Resource\":\"*\"}],\"Version\":\"2012-10-17\"}",
            "policy_id": "AEVJ7OHM27FSOV8743ZCE",
            "tags": null,
            "tags_all": {}
          },
          "sensitive_attributes": [],
          "private": "bnVsbA=="
        }
      ]
    },
    {
      "mode": "managed",
      "type": "aws_iam_policy",
      "name": "lambda_putdata_aws_policy",
      "provider": "provider[\"registry.terraform.io/hashicorp/aws\"]",
      "instances": [
        {
          "schema_version": 0,
          "attributes": {
            "arn": "arn:aws:iam::000000000000:policy/lambda_putdata_aws_policy",
            "description": "IAM policy for put data to aws free tie",
            "id": "arn:aws:iam::000000000000:policy/lambda_putdata_aws_policy",
            "name": "lambda_putdata_aws_policy",
            "name_prefix": null,
            "path": "/",
            "policy": "{\"Statement\":[{\"Action\":[\"s3:GetObject\",\"s3:PutObject\",\"s3:ListBucket\"],\"Effect\":\"Allow\",\"Resource\":[\"arn:aws:s3:::bucketS3/kinesis-bucket\",\"arn:aws:s3:::snowflake112358/*\"],\"Sid\":\"\"}],\"Version\":\"2012-10-17\"}",
            "policy_id": "A611HOBJ6OZ9RRYQYXTPO",
            "tags": null,
            "tags_all": {}
          },
          "sensitive_attributes": [],
          "private": "bnVsbA=="
        }
      ]
    },
    {
      "mode": "managed",
      "type": "aws_iam_policy",
      "name": "step_function_policy",
      "provider": "provider[\"registry.terraform.io/hashicorp/aws\"]",
      "instances": [
        {
          "schema_version": 0,
          "attributes": {
            "arn": "arn:aws:iam::000000000000:policy/step_function_policy",
            "description": "Create role for step function error handling",
            "id": "arn:aws:iam::000000000000:policy/step_function_policy",
            "name": "step_function_policy",
            "name_prefix": null,
            "path": "/",
            "policy": "{\"Statement\":[{\"Action\":[\"states:StartExecution\"],\"Effect\":\"Allow\",\"Resource\":\"arn:aws:states:::state_machine/*\",\"Sid\":\"\"},{\"Action\":[\"states:DescribeExecution\",\"states:DescribeStateMachineForExecution\",\"states:GetExecutionHistory\",\"states:StopExecution\"],\"Effect\":\"Allow\",\"Resource\":\"arn:aws:states:::execution/*\"},{\"Action\":[\"lambda:InvokeFunction\"],\"Effect\":\"Allow\",\"Resource\":[\"arn:aws:lambda:us-east-1:000000000000:function:put_record\",\"arn:aws:lambda:us-east-1:000000000000:function:flatten_data\",\"arn:aws:lambda:us-east-1:000000000000:function:put_data_aws\"]},{\"Action\":[\"states:DescribeStateMachine\",\"states:StartExecution\",\"states:DeleteStateMachine\",\"states:ListExecutions\",\"states:UpdateStateMachine\"],\"Effect\":\"Allow\",\"Resource\":[\"arn:aws:states:*:*:stateMachine:state_machine/*\"]},{\"Action\":[\"states:DescribeActivity\",\"states:DeleteActivity\",\"states:GetActivityTask\",\"states:SendTaskSuccess\",\"states:SendTaskFailure\",\"states:SendTaskHeartbeat\"],\"Effect\":\"Allow\",\"Resource\":[\"arn:aws:states:*:*:activity:*\"]}],\"Version\":\"2012-10-17\"}",
            "policy_id": "AAFKP5U2FTSMCKNTILNNQ",
            "tags": null,
            "tags_all": {}
          },
          "sensitive_attributes": [],
          "private": "bnVsbA==",
          "dependencies": [
            "aws_iam_role.kinesis_producer_role",
            "aws_iam_role.lambda_kinesis_firehose_role",
            "aws_iam_role.lambda_putdata_aws_role",
            "aws_lambda_function.flatten_data",
            "aws_lambda_function.push_data",
            "aws_lambda_function.put_data_aws"
          ]
        }
      ]
    },
    {
      "mode": "managed",
      "type": "aws_iam_role",
      "name": "S3_trigger_lambda_role",
      "provider": "provider[\"registry.terraform.io/hashicorp/aws\"]",
      "instances": [
        {
          "schema_version": 0,
          "attributes": {
            "arn": "arn:aws:iam::000000000000:role/S3_trigger_lambda_role",
            "assume_role_policy": "{\"Statement\":[{\"Action\":\"sts:AssumeRole\",\"Effect\":\"Allow\",\"Principal\":{\"Service\":\"s3.amazonaws.com\"},\"Sid\":\"\"}],\"Version\":\"2012-10-17\"}",
            "create_date": "2022-05-08T08:05:22Z",
            "description": "s3 to trigger lambda",
            "force_detach_policies": false,
            "id": "S3_trigger_lambda_role",
            "inline_policy": [
              {
                "name": "",
                "policy": ""
              }
            ],
            "managed_policy_arns": [],
            "max_session_duration": 3600,
            "name": "S3_trigger_lambda_role",
            "name_prefix": "",
            "path": "/",
            "permissions_boundary": null,
            "tags": null,
            "tags_all": {},
            "unique_id": "awtxvjji71hma9lxiz1f"
          },
          "sensitive_attributes": [],
          "private": "bnVsbA=="
        }
      ]
    },
    {
      "mode": "managed",
      "type": "aws_iam_role",
      "name": "firehose_flattendata_role",
      "provider": "provider[\"registry.terraform.io/hashicorp/aws\"]",
      "instances": [
        {
          "schema_version": 0,
          "attributes": {
            "arn": "arn:aws:iam::000000000000:role/firehose_flattendata_role",
            "assume_role_policy": "{\"Statement\":[{\"Action\":\"sts:AssumeRole\",\"Effect\":\"Allow\",\"Principal\":{\"Service\":\"firehose.amazonaws.com\"},\"Sid\":\"\"}],\"Version\":\"2012-10-17\"}",
            "create_date": "2022-05-08T08:05:22Z",
            "description": "put data into kinesis",
            "force_detach_policies": false,
            "id": "firehose_flattendata_role",
            "inline_policy": [
              {
                "name": "",
                "policy": ""
              }
            ],
            "managed_policy_arns": [],
            "max_session_duration": 3600,
            "name": "firehose_flattendata_role",
            "name_prefix": "",
            "path": "/",
            "permissions_boundary": null,
            "tags": null,
            "tags_all": {},
            "unique_id": "6ltci9oxxamxgrk7dzwk"
          },
          "sensitive_attributes": [],
          "private": "bnVsbA=="
        }
      ]
    },
    {
      "mode": "managed",
      "type": "aws_iam_role",
      "name": "kinesis_producer_role",
      "provider": "provider[\"registry.terraform.io/hashicorp/aws\"]",
      "instances": [
        {
          "schema_version": 0,
          "attributes": {
            "arn": "arn:aws:iam::000000000000:role/kinesis_producer_role",
            "assume_role_policy": "{\"Statement\":[{\"Action\":\"sts:AssumeRole\",\"Effect\":\"Allow\",\"Principal\":{\"Service\":\"lambda.amazonaws.com\"},\"Sid\":\"\"}],\"Version\":\"2012-10-17\"}",
            "create_date": "2022-05-08T08:05:21Z",
            "description": "put data into kinesis",
            "force_detach_policies": false,
            "id": "kinesis_producer_role",
            "inline_policy": [
              {
                "name": "",
                "policy": ""
              }
            ],
            "managed_policy_arns": [],
            "max_session_duration": 3600,
            "name": "kinesis_producer_role",
            "name_prefix": "",
            "path": "/",
            "permissions_boundary": null,
            "tags": null,
            "tags_all": {},
            "unique_id": "o1yx7k7tgu0o4l9gg7ch"
          },
          "sensitive_attributes": [],
          "private": "bnVsbA=="
        }
      ]
    },
    {
      "mode": "managed",
      "type": "aws_iam_role",
      "name": "lambda_kinesis_firehose_role",
      "provider": "provider[\"registry.terraform.io/hashicorp/aws\"]",
      "instances": [
        {
          "schema_version": 0,
          "attributes": {
            "arn": "arn:aws:iam::000000000000:role/lambda_kinesis_firehose_role",
            "assume_role_policy": "{\"Statement\":[{\"Action\":\"sts:AssumeRole\",\"Effect\":\"Allow\",\"Principal\":{\"Service\":\"lambda.amazonaws.com\"},\"Sid\":\"\"}],\"Version\":\"2012-10-17\"}",
            "create_date": "2022-05-08T08:05:22Z",
            "description": "put data into kinesis",
            "force_detach_policies": false,
            "id": "lambda_kinesis_firehose_role",
            "inline_policy": [
              {
                "name": "",
                "policy": ""
              }
            ],
            "managed_policy_arns": [],
            "max_session_duration": 3600,
            "name": "lambda_kinesis_firehose_role",
            "name_prefix": "",
            "path": "/",
            "permissions_boundary": null,
            "tags": null,
            "tags_all": {},
            "unique_id": "1lj1ax7ns9cbgaz9hsvi"
          },
          "sensitive_attributes": [],
          "private": "bnVsbA=="
        }
      ]
    },
    {
      "mode": "managed",
      "type": "aws_iam_role",
      "name": "lambda_putdata_aws_role",
      "provider": "provider[\"registry.terraform.io/hashicorp/aws\"]",
      "instances": [
        {
          "schema_version": 0,
          "attributes": {
            "arn": "arn:aws:iam::000000000000:role/lambda_putdata_aws_role",
            "assume_role_policy": "{\"Statement\":[{\"Action\":\"sts:AssumeRole\",\"Effect\":\"Allow\",\"Principal\":{\"Service\":\"lambda.amazonaws.com\"},\"Sid\":\"\"}],\"Version\":\"2012-10-17\"}",
            "create_date": "2022-05-08T08:05:22Z",
            "description": "put data into kinesis",
            "force_detach_policies": false,
            "id": "lambda_putdata_aws_role",
            "inline_policy": [
              {
                "name": "",
                "policy": ""
              }
            ],
            "managed_policy_arns": [],
            "max_session_duration": 3600,
            "name": "lambda_putdata_aws_role",
            "name_prefix": "",
            "path": "/",
            "permissions_boundary": null,
            "tags": null,
            "tags_all": {},
            "unique_id": "obl4nwku5kn6zydve7hs"
          },
          "sensitive_attributes": [],
          "private": "bnVsbA=="
        }
      ]
    },
    {
      "mode": "managed",
      "type": "aws_iam_role",
      "name": "step_function_role",
      "provider": "provider[\"registry.terraform.io/hashicorp/aws\"]",
      "instances": [
        {
          "schema_version": 0,
          "attributes": {
            "arn": "arn:aws:iam::000000000000:role/step_function_role",
            "assume_role_policy": "{\"Statement\":[{\"Action\":\"sts:AssumeRole\",\"Effect\":\"Allow\",\"Principal\":{\"Service\":\"states.amazonaws.com\"},\"Sid\":\"\"}],\"Version\":\"2012-10-17\"}",
            "create_date": "2022-05-08T08:05:21Z",
            "description": "step function error handling",
            "force_detach_policies": false,
            "id": "step_function_role",
            "inline_policy": [
              {
                "name": "",
                "policy": ""
              }
            ],
            "managed_policy_arns": [],
            "max_session_duration": 3600,
            "name": "step_function_role",
            "name_prefix": "",
            "path": "/",
            "permissions_boundary": null,
            "tags": null,
            "tags_all": {},
            "unique_id": "10r39cmq344ps8sqs4n0"
          },
          "sensitive_attributes": [],
          "private": "bnVsbA=="
        }
      ]
    },
    {
      "mode": "managed",
      "type": "aws_iam_role_policy_attachment",
      "name": "attach_firehose_flattendata_role",
      "provider": "provider[\"registry.terraform.io/hashicorp/aws\"]",
      "instances": [
        {
          "schema_version": 0,
          "attributes": {
            "id": "firehose_flattendata_role-20220508080548171200000003",
            "policy_arn": "arn:aws:iam::000000000000:policy/firehose_flattendata_policy",
            "role": "firehose_flattendata_role"
          },
          "sensitive_attributes": [],
          "private": "bnVsbA==",
          "dependencies": [
            "aws_iam_policy.firehose_flattendata_policy",
            "aws_iam_role.firehose_flattendata_role"
          ]
        }
      ]
    },
    {
      "mode": "managed",
      "type": "aws_iam_role_policy_attachment",
      "name": "attach_firehose_to_s3_role",
      "provider": "provider[\"registry.terraform.io/hashicorp/aws\"]",
      "instances": [
        {
          "schema_version": 0,
          "attributes": {
            "id": "lambda_kinesis_firehose_role-20220508080548004200000002",
            "policy_arn": "arn:aws:iam::000000000000:policy/lambda_kinesis_firehose_policy",
            "role": "lambda_kinesis_firehose_role"
          },
          "sensitive_attributes": [],
          "private": "bnVsbA==",
          "dependencies": [
            "aws_iam_policy.lambda_kinesis_firehose_policy",
            "aws_iam_role.lambda_kinesis_firehose_role"
          ]
        }
      ]
    },
    {
      "mode": "managed",
      "type": "aws_iam_role_policy_attachment",
      "name": "attach_lambda_to_putdata_role",
      "provider": "provider[\"registry.terraform.io/hashicorp/aws\"]",
      "instances": [
        {
          "schema_version": 0,
          "attributes": {
            "id": "lambda_putdata_aws_role-20220508080548181100000004",
            "policy_arn": "arn:aws:iam::000000000000:policy/lambda_putdata_aws_policy",
            "role": "lambda_putdata_aws_role"
          },
          "sensitive_attributes": [],
          "private": "bnVsbA==",
          "dependencies": [
            "aws_iam_policy.lambda_putdata_aws_policy",
            "aws_iam_role.lambda_putdata_aws_role"
          ]
        }
      ]
    },
    {
      "mode": "managed",
      "type": "aws_iam_role_policy_attachment",
      "name": "attach_producer_attachment_to_role",
      "provider": "provider[\"registry.terraform.io/hashicorp/aws\"]",
      "instances": [
        {
          "schema_version": 0,
          "attributes": {
            "id": "kinesis_producer_role-20220508080547856400000001",
            "policy_arn": "arn:aws:iam::000000000000:policy/lambda_kinesis_stream",
            "role": "kinesis_producer_role"
          },
          "sensitive_attributes": [],
          "private": "bnVsbA==",
          "dependencies": [
            "aws_iam_policy.lambda_kinesis_stream",
            "aws_iam_role.kinesis_producer_role"
          ]
        }
      ]
    },
    {
      "mode": "managed",
      "type": "aws_iam_role_policy_attachment",
      "name": "attach_s3_trigger_role",
      "provider": "provider[\"registry.terraform.io/hashicorp/aws\"]",
      "instances": [
        {
          "schema_version": 0,
          "attributes": {
            "id": "S3_trigger_lambda_role-20220508080605396400000006",
            "policy_arn": "arn:aws:iam::000000000000:policy/S3_trigger_lambda_policy",
            "role": "S3_trigger_lambda_role"
          },
          "sensitive_attributes": [],
          "private": "bnVsbA==",
          "dependencies": [
            "aws_iam_policy.S3_trigger_lambda_policy",
            "aws_iam_role.S3_trigger_lambda_role",
            "aws_iam_role.lambda_putdata_aws_role",
            "aws_lambda_function.put_data_aws"
          ]
        }
      ]
    },
    {
      "mode": "managed",
      "type": "aws_iam_role_policy_attachment",
      "name": "attach_step_function_role",
      "provider": "provider[\"registry.terraform.io/hashicorp/aws\"]",
      "instances": [
        {
          "schema_version": 0,
          "attributes": {
            "id": "step_function_role-20220508080605396400000005",
            "policy_arn": "arn:aws:iam::000000000000:policy/step_function_policy",
            "role": "step_function_role"
          },
          "sensitive_attributes": [],
          "private": "bnVsbA==",
          "dependencies": [
            "aws_iam_policy.step_function_policy",
            "aws_iam_role.kinesis_producer_role",
            "aws_iam_role.lambda_kinesis_firehose_role",
            "aws_iam_role.lambda_putdata_aws_role",
            "aws_iam_role.step_function_role",
            "aws_lambda_function.flatten_data",
            "aws_lambda_function.push_data",
            "aws_lambda_function.put_data_aws"
          ]
        }
      ]
    },
    {
      "mode": "managed",
      "type": "aws_kinesis_firehose_delivery_stream",
      "name": "S3_stream",
      "provider": "provider[\"registry.terraform.io/hashicorp/aws\"]",
      "instances": [
        {
          "schema_version": 1,
          "attributes": {
            "arn": "arn:aws:firehose:us-east-1:000000000000:deliverystream/test_stream",
            "destination": "s3",
            "destination_id": "a3c66210",
            "elasticsearch_configuration": [],
            "extended_s3_configuration": [],
            "http_endpoint_configuration": [],
            "id": "arn:aws:firehose:us-east-1:000000000000:deliverystream/test_stream",
            "kinesis_source_configuration": [],
            "name": "test_stream",
            "redshift_configuration": [],
            "s3_configuration": [
              {
                "bucket_arn": "arn:aws:s3:::kinesis-bucket",
                "buffer_interval": 400,
                "buffer_size": 10,
                "cloudwatch_logging_options": [],
                "compression_format": "UNCOMPRESSED",
                "error_output_prefix": "",
                "kms_key_arn": "",
                "prefix": "weather_data_localstack",
                "role_arn": "arn:aws:iam::000000000000:role/firehose_flattendata_role"
              }
            ],
            "server_side_encryption": [
              {
                "enabled": false,
                "key_arn": "",
                "key_type": "AWS_OWNED_CMK"
              }
            ],
            "splunk_configuration": [],
            "tags": null,
            "tags_all": {},
            "version_id": "1"
          },
          "sensitive_attributes": [],
          "private": "eyJzY2hlbWFfdmVyc2lvbiI6IjEifQ==",
          "dependencies": [
            "aws_iam_role.firehose_flattendata_role",
            "aws_s3_bucket.bucketS3"
          ]
        }
      ]
    },
    {
      "mode": "managed",
      "type": "aws_kinesis_stream",
      "name": "test_stream",
      "provider": "provider[\"registry.terraform.io/hashicorp/aws\"]",
      "instances": [
        {
          "schema_version": 1,
          "attributes": {
            "arn": "arn:aws:kinesis:us-east-1:000000000000:stream/terraform-kinesis-test",
            "encryption_type": "NONE",
            "enforce_consumer_deletion": true,
            "id": "arn:aws:kinesis:us-east-1:000000000000:stream/terraform-kinesis-test",
            "kms_key_id": "",
            "name": "terraform-kinesis-test",
            "retention_period": 24,
            "shard_count": 1,
            "shard_level_metrics": [
              "IncomingBytes",
              "OutgoingBytes"
            ],
            "stream_mode_details": [],
            "tags": null,
            "tags_all": {},
            "timeouts": null
          },
          "sensitive_attributes": [],
          "private": "eyJlMmJmYjczMC1lY2FhLTExZTYtOGY4OC0zNDM2M2JjN2M0YzAiOnsiY3JlYXRlIjozMDAwMDAwMDAwMDAsImRlbGV0ZSI6NzIwMDAwMDAwMDAwMCwidXBkYXRlIjo3MjAwMDAwMDAwMDAwfSwic2NoZW1hX3ZlcnNpb24iOiIxIn0="
        }
      ]
    },
    {
      "mode": "managed",
      "type": "aws_lambda_event_source_mapping",
      "name": "kinesis_lambda_cons_lambda_event_trigger",
      "provider": "provider[\"registry.terraform.io/hashicorp/aws\"]",
      "instances": [
        {
          "schema_version": 0,
          "attributes": {
            "batch_size": 10,
            "bisect_batch_on_function_error": false,
            "destination_config": [],
            "enabled": true,
            "event_source_arn": "arn:aws:kinesis:us-east-1:000000000000:stream/terraform-kinesis-test",
            "filter_criteria": [],
            "function_arn": "arn:aws:lambda:us-east-1:000000000000:function:flatten_data",
            "function_name": "arn:aws:lambda:us-east-1:000000000000:function:flatten_data",
            "function_response_types": null,
            "id": "272b35d6-a888-4bd9-9488-ac87261491b3",
            "last_modified": "2022-05-08T08:05:53Z",
            "last_processing_result": "OK",
            "maximum_batching_window_in_seconds": 0,
            "maximum_record_age_in_seconds": 0,
            "maximum_retry_attempts": 5,
            "parallelization_factor": 1,
            "queues": null,
            "self_managed_event_source": [],
            "source_access_configuration": [],
            "starting_position": "LATEST",
            "starting_position_timestamp": "",
            "state": "Enabled",
            "state_transition_reason": "User action",
            "topics": null,
            "tumbling_window_in_seconds": 0,
            "uuid": "272b35d6-a888-4bd9-9488-ac87261491b3"
          },
          "sensitive_attributes": [],
          "private": "bnVsbA==",
          "dependencies": [
            "aws_iam_role.lambda_kinesis_firehose_role",
            "aws_kinesis_stream.test_stream",
            "aws_lambda_function.flatten_data"
          ]
        }
      ]
    },
    {
      "mode": "managed",
      "type": "aws_lambda_function",
      "name": "flatten_data",
      "provider": "provider[\"registry.terraform.io/hashicorp/aws\"]",
      "instances": [
        {
          "schema_version": 0,
          "attributes": {
            "architectures": [
              "x86_64"
            ],
            "arn": "arn:aws:lambda:us-east-1:000000000000:function:flatten_data",
            "code_signing_config_arn": "",
            "dead_letter_config": [],
            "description": "",
            "environment": [],
            "ephemeral_storage": [],
            "file_system_config": [],
            "filename": "./../src/flatten_data.zip",
            "function_name": "flatten_data",
            "handler": "flatten_data.handler",
            "id": "flatten_data",
            "image_config": [],
            "image_uri": "",
            "invoke_arn": "arn:aws:apigateway:us-east-1:lambda:path/2015-03-31/functions/arn:aws:lambda:us-east-1:000000000000:function:flatten_data/invocations",
            "kms_key_arn": "",
            "last_modified": "2022-05-08T08:05:28.812+0000",
            "layers": null,
            "memory_size": 128,
            "package_type": "Zip",
            "publish": false,
            "qualified_arn": "arn:aws:lambda:us-east-1:000000000000:function:flatten_data:$LATEST",
            "reserved_concurrent_executions": -1,
            "role": "arn:aws:iam::000000000000:role/lambda_kinesis_firehose_role",
            "runtime": "python3.9",
            "s3_bucket": null,
            "s3_key": null,
            "s3_object_version": null,
            "signing_job_arn": "",
            "signing_profile_version_arn": "",
            "source_code_hash": "2aQBBDyO4IKKgU34g62rkSgTc4dOWUdwtHf/ZEZvCYw=",
            "source_code_size": 1093,
            "tags": null,
            "tags_all": {},
            "timeout": 400,
            "timeouts": null,
            "tracing_config": [
              {
                "mode": "PassThrough"
              }
            ],
            "version": "$LATEST",
            "vpc_config": []
          },
          "sensitive_attributes": [],
          "private": "eyJlMmJmYjczMC1lY2FhLTExZTYtOGY4OC0zNDM2M2JjN2M0YzAiOnsiY3JlYXRlIjo2MDAwMDAwMDAwMDB9fQ==",
          "dependencies": [
            "aws_iam_role.lambda_kinesis_firehose_role"
          ]
        }
      ]
    },
    {
      "mode": "managed",
      "type": "aws_lambda_function",
      "name": "push_data",
      "provider": "provider[\"registry.terraform.io/hashicorp/aws\"]",
      "instances": [
        {
          "schema_version": 0,
          "attributes": {
            "architectures": [
              "x86_64"
            ],
            "arn": "arn:aws:lambda:us-east-1:000000000000:function:put_record",
            "code_signing_config_arn": "",
            "dead_letter_config": [],
            "description": "",
            "environment": [],
            "ephemeral_storage": [],
            "file_system_config": [],
            "filename": "./../src/put_record.zip",
            "function_name": "put_record",
            "handler": "put_record.handler",
            "id": "put_record",
            "image_config": [],
            "image_uri": "",
            "invoke_arn": "arn:aws:apigateway:us-east-1:lambda:path/2015-03-31/functions/arn:aws:lambda:us-east-1:000000000000:function:put_record/invocations",
            "kms_key_arn": "",
            "last_modified": "2022-05-08T08:05:23.115+0000",
            "layers": null,
            "memory_size": 128,
            "package_type": "Zip",
            "publish": false,
            "qualified_arn": "arn:aws:lambda:us-east-1:000000000000:function:put_record:$LATEST",
            "reserved_concurrent_executions": -1,
            "role": "arn:aws:iam::000000000000:role/kinesis_producer_role",
            "runtime": "python3.9",
            "s3_bucket": null,
            "s3_key": null,
            "s3_object_version": null,
            "signing_job_arn": "",
            "signing_profile_version_arn": "",
            "source_code_hash": "LXdeiA4xfTiHjSnXkLHm9LqwsX48zjkNRtYW6QbHHOA=",
            "source_code_size": 925,
            "tags": null,
            "tags_all": {},
            "timeout": 400,
            "timeouts": null,
            "tracing_config": [
              {
                "mode": "PassThrough"
              }
            ],
            "version": "$LATEST",
            "vpc_config": []
          },
          "sensitive_attributes": [],
          "private": "eyJlMmJmYjczMC1lY2FhLTExZTYtOGY4OC0zNDM2M2JjN2M0YzAiOnsiY3JlYXRlIjo2MDAwMDAwMDAwMDB9fQ==",
          "dependencies": [
            "aws_iam_role.kinesis_producer_role"
          ]
        }
      ]
    },
    {
      "mode": "managed",
      "type": "aws_lambda_function",
      "name": "put_data_aws",
      "provider": "provider[\"registry.terraform.io/hashicorp/aws\"]",
      "instances": [
        {
          "schema_version": 0,
          "attributes": {
            "architectures": [
              "x86_64"
            ],
            "arn": "arn:aws:lambda:us-east-1:000000000000:function:put_data_aws",
            "code_signing_config_arn": "",
            "dead_letter_config": [],
            "description": "",
            "environment": [],
            "ephemeral_storage": [],
            "file_system_config": [],
            "filename": "./../src/put_data_aws.zip",
            "function_name": "put_data_aws",
            "handler": "put_data_aws.send_data_to_free_tie",
            "id": "put_data_aws",
            "image_config": [],
            "image_uri": "",
            "invoke_arn": "arn:aws:apigateway:us-east-1:lambda:path/2015-03-31/functions/arn:aws:lambda:us-east-1:000000000000:function:put_data_aws/invocations",
            "kms_key_arn": "",
            "last_modified": "2022-05-08T08:05:34.574+0000",
            "layers": null,
            "memory_size": 128,
            "package_type": "Zip",
            "publish": false,
            "qualified_arn": "arn:aws:lambda:us-east-1:000000000000:function:put_data_aws:$LATEST",
            "reserved_concurrent_executions": -1,
            "role": "arn:aws:iam::000000000000:role/lambda_putdata_aws_role",
            "runtime": "python3.9",
            "s3_bucket": null,
            "s3_key": null,
            "s3_object_version": null,
            "signing_job_arn": "",
            "signing_profile_version_arn": "",
            "source_code_hash": "YrGTdQzzsqEtojvoJhDfVtu3TaNDxUrHeFZ0Fy3P9M0=",
            "source_code_size": 808,
            "tags": null,
            "tags_all": {},
            "timeout": 400,
            "timeouts": null,
            "tracing_config": [
              {
                "mode": "PassThrough"
              }
            ],
            "version": "$LATEST",
            "vpc_config": []
          },
          "sensitive_attributes": [],
          "private": "eyJlMmJmYjczMC1lY2FhLTExZTYtOGY4OC0zNDM2M2JjN2M0YzAiOnsiY3JlYXRlIjo2MDAwMDAwMDAwMDB9fQ==",
          "dependencies": [
            "aws_iam_role.lambda_putdata_aws_role"
          ]
        }
      ]
    },
    {
      "mode": "managed",
      "type": "aws_lambda_permission",
      "name": "allow_bucket_trigger_put_data_aws",
      "provider": "provider[\"registry.terraform.io/hashicorp/aws\"]",
      "instances": [
        {
          "schema_version": 0,
          "attributes": {
            "action": "lambda:InvokeFunction",
            "event_source_token": null,
            "function_name": "arn:aws:lambda:us-east-1:000000000000:function:put_data_aws",
            "id": "AllowExecutionFromS3Bucket",
            "principal": "s3.amazonaws.com",
            "principal_org_id": null,
            "qualifier": "",
            "source_account": null,
            "source_arn": "arn:aws:s3:::kinesis-bucket",
            "statement_id": "AllowExecutionFromS3Bucket",
            "statement_id_prefix": null
          },
          "sensitive_attributes": [],
          "private": "bnVsbA==",
          "dependencies": [
            "aws_iam_role.lambda_putdata_aws_role",
            "aws_lambda_function.put_data_aws",
            "aws_s3_bucket.bucketS3"
          ]
        }
      ]
    },
    {
      "mode": "managed",
      "type": "aws_lambda_permission",
      "name": "scheduled_lambda_cloudwatch_permission",
      "provider": "provider[\"registry.terraform.io/hashicorp/aws\"]",
      "instances": [
        {
          "schema_version": 0,
          "attributes": {
            "action": "lambda:InvokeFunction",
            "event_source_token": null,
            "function_name": "arn:aws:lambda:us-east-1:000000000000:function:put_record",
            "id": "AllowExecutionFromCloudWatch",
            "principal": "events.amazonaws.com",
            "principal_org_id": null,
            "qualifier": "",
            "source_account": null,
            "source_arn": "arn:aws:events:us-east-1:000000000000:rule/lambda_schedule",
            "statement_id": "AllowExecutionFromCloudWatch",
            "statement_id_prefix": null
          },
          "sensitive_attributes": [],
          "private": "bnVsbA==",
          "dependencies": [
            "aws_cloudwatch_event_rule.lambda_schedule",
            "aws_iam_role.kinesis_producer_role",
            "aws_lambda_function.push_data"
          ]
        }
      ]
    },
    {
      "mode": "managed",
      "type": "aws_s3_bucket",
      "name": "bucketS3",
      "provider": "provider[\"registry.terraform.io/hashicorp/aws\"]",
      "instances": [
        {
          "schema_version": 0,
          "attributes": {
            "acceleration_status": "",
            "acl": null,
            "arn": "arn:aws:s3:::kinesis-bucket",
            "bucket": "kinesis-bucket",
            "bucket_domain_name": "kinesis-bucket.s3.amazonaws.com",
            "bucket_prefix": null,
            "bucket_regional_domain_name": "kinesis-bucket.s3.amazonaws.com",
            "cors_rule": [],
            "force_destroy": true,
            "grant": [
              {
                "id": "75aa57f09aa0c8caeab4f8c24e99d10f8e7faeebf76c078efc7c6caea54ba06a",
                "permissions": [
                  "FULL_CONTROL"
                ],
                "type": "CanonicalUser",
                "uri": ""
              }
            ],
            "hosted_zone_id": "Z3AQBSTGFYJSTF",
            "id": "kinesis-bucket",
            "lifecycle_rule": [],
            "logging": [],
            "object_lock_configuration": [],
            "object_lock_enabled": false,
            "policy": "",
            "region": "us-east-1",
            "replication_configuration": [],
            "request_payer": "BucketOwner",
            "server_side_encryption_configuration": [],
            "tags": null,
            "tags_all": {},
            "versioning": [
              {
                "enabled": false,
                "mfa_delete": false
              }
            ],
            "website": [],
            "website_domain": null,
            "website_endpoint": null
          },
          "sensitive_attributes": [],
          "private": "bnVsbA=="
        }
      ]
    },
    {
      "mode": "managed",
      "type": "aws_s3_bucket_notification",
      "name": "Lambda_notification",
      "provider": "provider[\"registry.terraform.io/hashicorp/aws\"]",
      "instances": [
        {
          "schema_version": 0,
          "attributes": {
            "bucket": "kinesis-bucket",
            "eventbridge": false,
            "id": "kinesis-bucket",
            "lambda_function": [
              {
                "events": [
                  "s3:ObjectCreated:*"
                ],
                "filter_prefix": "",
                "filter_suffix": "",
                "id": "tf-s3-lambda-20220508080606704200000007",
                "lambda_function_arn": "arn:aws:lambda:us-east-1:000000000000:function:put_data_aws"
              }
            ],
            "queue": [],
            "topic": []
          },
          "sensitive_attributes": [],
          "private": "bnVsbA==",
          "dependencies": [
            "aws_iam_role.lambda_putdata_aws_role",
            "aws_lambda_function.put_data_aws",
            "aws_lambda_permission.allow_bucket_trigger_put_data_aws",
            "aws_s3_bucket.bucketS3"
          ]
        }
      ]
    },
    {
      "mode": "managed",
      "type": "aws_sfn_state_machine",
      "name": "stateMachine",
      "provider": "provider[\"registry.terraform.io/hashicorp/aws\"]",
      "instances": [
        {
          "schema_version": 0,
          "attributes": {
            "arn": "arn:aws:states:us-east-1:000000000000:stateMachine:stateMachine",
            "creation_date": "2022-05-08T08:05:40Z",
            "definition": "{\r\n  \"Comment\": \"A Hello World example of the Amazon States Language using an AWS Lambda Function\",\r\n  \"StartAt\": \"put_record_to_kinesis\",\r\n  \"States\": {\r\n    \"put_record_to_kinesis\": {\r\n      \"Type\": \"Task\",\r\n      \"Resource\": \"arn:aws:lambda:us-east-1:000000000000:function:put_record\",\r\n      \"Catch\": [\r\n        {\r\n          \"ErrorEquals\": [\"States.TaskFailed\"],\r\n          \"Next\": \"ReservedTypeFallback1\"\r\n        }\r\n      ],\r\n      \"Next\": \"flatten_data_from_firehose\"\r\n    },\r\n    \"flatten_data_from_firehose\": {\r\n      \"Type\": \"Task\",\r\n      \"Resource\": \"arn:aws:lambda:us-east-1:000000000000:function:flatten_data\",\r\n      \"Catch\": [\r\n        {\r\n          \"ErrorEquals\": [\"States.TaskFailed\"],\r\n          \"Next\": \"ReservedTypeFallback2\"\r\n        }\r\n      ],\r\n      \"Next\": \"put_data_to_free_tier\"\r\n    },\r\n    \"put_data_to_free_tier\": {\r\n      \"Type\": \"Task\",\r\n      \"Resource\": \"arn:aws:lambda:us-east-1:000000000000:function:put_data_aws\",\r\n      \"Catch\": [\r\n        {\r\n          \"ErrorEquals\": [\"States.TaskFailed\"],\r\n          \"Next\": \"ReservedTypeFallback3\"\r\n        }\r\n      ],\r\n      \"End\": true\r\n    },\r\n     \"ReservedTypeFallback1\": {\r\n         \"Type\": \"Pass\",\r\n         \"Result\": \"This is a fallback from a reserved error code in lambda1\",\r\n         \"End\": true\r\n      },\r\n      \"ReservedTypeFallback2\": {\r\n         \"Type\": \"Pass\",\r\n         \"Result\": \"This is a fallback from a reserved error code in lambda2\",\r\n         \"End\": true\r\n      },\r\n      \"ReservedTypeFallback3\": {\r\n         \"Type\": \"Pass\",\r\n         \"Result\": \"This is a fallback from a reserved error code in lambda3\",\r\n         \"End\": true\r\n      } \r\n  }\r\n}\r\n\r\n",
            "id": "arn:aws:states:us-east-1:000000000000:stateMachine:stateMachine",
            "logging_configuration": [],
            "name": "stateMachine",
            "role_arn": "arn:aws:iam::000000000000:role/step_function_role",
            "status": "ACTIVE",
            "tags": null,
            "tags_all": {},
            "tracing_configuration": [],
            "type": "STANDARD"
          },
          "sensitive_attributes": [],
          "private": "bnVsbA==",
          "dependencies": [
            "aws_iam_role.kinesis_producer_role",
            "aws_iam_role.lambda_kinesis_firehose_role",
            "aws_iam_role.lambda_putdata_aws_role",
            "aws_iam_role.step_function_role",
            "aws_lambda_function.flatten_data",
            "aws_lambda_function.push_data",
            "aws_lambda_function.put_data_aws"
          ]
        }
      ]
    }
  ]
}
